
Microsoft Visual Studio Solution File, Format Version 12.00
# Visual Studio Version 17
VisualStudioVersion = 17.6.33723.286
MinimumVisualStudioVersion = 10.0.40219.1
Project("{FAE04EC0-301F-11D3-BF4B-00C04F79EFBC}") = "Entities", "Entities\Entities.csproj", "{8402FDC6-6A81-4CEB-B5F1-C393CE8619EA}"
EndProject
Project("{FAE04EC0-301F-11D3-BF4B-00C04F79EFBC}") = "DataAccess", "DataAccess\DataAccess.csproj", "{2207B3BF-2345-43F3-B5C0-065AE6B5641F}"
EndProject
Project("{FAE04EC0-301F-11D3-BF4B-00C04F79EFBC}") = "Business", "Business\Business.csproj", "{D20B62F9-A715-4917-9606-05286ABCAB8A}"
EndProject
Project("{FAE04EC0-301F-11D3-BF4B-00C04F79EFBC}") = "ConsoleUI", "ConsoleUI\ConsoleUI.csproj", "{0B60FF4E-A823-40F7-A2F2-201983BDE94C}"
EndProject
Project("{FAE04EC0-301F-11D3-BF4B-00C04F79EFBC}") = "MVCWebUI", "MVCWebUI\MVCWebUI.csproj", "{5FA78670-B371-4E5F-960C-BEA0332601B2}"
EndProject
Project("{FAE04EC0-301F-11D3-BF4B-00C04F79EFBC}") = "Core", "Core\Core.csproj", "{825772F8-3FC3-49FA-9430-3A3465DBCB26}"
EndProject
Global
	GlobalSection(SolutionConfigurationPlatforms) = preSolution
		Debug|Any CPU = Debug|Any CPU
		Release|Any CPU = Release|Any CPU
	EndGlobalSection
	GlobalSection(ProjectConfigurationPlatforms) = postSolution
		{8402FDC6-6A81-4CEB-B5F1-C393CE8619EA}.Debug|Any CPU.ActiveCfg = Debug|Any CPU
		{8402FDC6-6A81-4CEB-B5F1-C393CE8619EA}.Debug|Any CPU.Build.0 = Debug|Any CPU
		{8402FDC6-6A81-4CEB-B5F1-C393CE8619EA}.Release|Any CPU.ActiveCfg = Release|Any CPU
		{8402FDC6-6A81-4CEB-B5F1-C393CE8619EA}.Release|Any CPU.Build.0 = Release|Any CPU
		{2207B3BF-2345-43F3-B5C0-065AE6B5641F}.Debug|Any CPU.ActiveCfg = Debug|Any CPU
		{2207B3BF-2345-43F3-B5C0-065AE6B5641F}.Debug|Any CPU.Build.0 = Debug|Any CPU
		{2207B3BF-2345-43F3-B5C0-065AE6B5641F}.Release|Any CPU.ActiveCfg = Release|Any CPU
		{2207B3BF-2345-43F3-B5C0-065AE6B5641F}.Release|Any CPU.Build.0 = Release|Any CPU
		{D20B62F9-A715-4917-9606-05286ABCAB8A}.Debug|Any CPU.ActiveCfg = Debug|Any CPU
		{D20B62F9-A715-4917-9606-05286ABCAB8A}.Debug|Any CPU.Build.0 = Debug|Any CPU
		{D20B62F9-A715-4917-9606-05286ABCAB8A}.Release|Any CPU.ActiveCfg = Release|Any CPU
		{D20B62F9-A715-4917-9606-05286ABCAB8A}.Release|Any CPU.Build.0 = Release|Any CPU
		{0B60FF4E-A823-40F7-A2F2-201983BDE94C}.Debug|Any CPU.ActiveCfg = Debug|Any CPU
		{0B60FF4E-A823-40F7-A2F2-201983BDE94C}.Debug|Any CPU.Build.0 = Debug|Any CPU
		{0B60FF4E-A823-40F7-A2F2-201983BDE94C}.Release|Any CPU.ActiveCfg = Release|Any CPU
		{0B60FF4E-A823-40F7-A2F2-201983BDE94C}.Release|Any CPU.Build.0 = Release|Any CPU
		{5FA78670-B371-4E5F-960C-BEA0332601B2}.Debug|Any CPU.ActiveCfg = Debug|Any CPU
		{5FA78670-B371-4E5F-960C-BEA0332601B2}.Debug|Any CPU.Build.0 = Debug|Any CPU
		{5FA78670-B371-4E5F-960C-BEA0332601B2}.Release|Any CPU.ActiveCfg = Release|Any CPU
		{5FA78670-B371-4E5F-960C-BEA0332601B2}.Release|Any CPU.Build.0 = Release|Any CPU
		{825772F8-3FC3-49FA-9430-3A3465DBCB26}.Debug|Any CPU.ActiveCfg = Debug|Any CPU
		{825772F8-3FC3-49FA-9430-3A3465DBCB26}.Debug|Any CPU.Build.0 = Debug|Any CPU
		{825772F8-3FC3-49FA-9430-3A3465DBCB26}.Release|Any CPU.ActiveCfg = Release|Any CPU
		{825772F8-3FC3-49FA-9430-3A3465DBCB26}.Release|Any CPU.Build.0 = Release|Any CPU
	EndGlobalSection
	GlobalSection(SolutionProperties) = preSolution
		HideSolutionNode = FALSE
	EndGlobalSection
	GlobalSection(ExtensibilityGlobals) = postSolution
		SolutionGuid = {C53356A0-A9B4-473B-9588-5726EC22EFC6}
	EndGlobalSection
EndGlobal
